
Microsoft Visual Studio Solution File, Format Version 12.00
# Visual Studio Version 16
VisualStudioVersion = 16.0.31005.135
MinimumVisualStudioVersion = 10.0.40219.1
Project("{9A19103F-16F7-4668-BE54-9A1E7A4F7556}") = "IOT 1030 Lab 5 Sandeep Kaur", "IOT 1030 Lab 5 Sandeep Kaur.csproj", "{EE2160CA-04F1-4AB6-8A61-67E886BDA7E1}"
EndProject
Project("{FAE04EC0-301F-11D3-BF4B-00C04F79EFBC}") = "UnitTestProject1", "..\UnitTestProject1\UnitTestProject1.csproj", "{B8DB511A-52AC-40C7-858A-AC2BC6714C03}"
EndProject
Global
	GlobalSection(SolutionConfigurationPlatforms) = preSolution
		Debug|Any CPU = Debug|Any CPU
		Release|Any CPU = Release|Any CPU
	EndGlobalSection
	GlobalSection(ProjectConfigurationPlatforms) = postSolution
		{EE2160CA-04F1-4AB6-8A61-67E886BDA7E1}.Debug|Any CPU.ActiveCfg = Debug|Any CPU
		{EE2160CA-04F1-4AB6-8A61-67E886BDA7E1}.Debug|Any CPU.Build.0 = Debug|Any CPU
		{EE2160CA-04F1-4AB6-8A61-67E886BDA7E1}.Release|Any CPU.ActiveCfg = Release|Any CPU
		{EE2160CA-04F1-4AB6-8A61-67E886BDA7E1}.Release|Any CPU.Build.0 = Release|Any CPU
		{B8DB511A-52AC-40C7-858A-AC2BC6714C03}.Debug|Any CPU.ActiveCfg = Debug|Any CPU
		{B8DB511A-52AC-40C7-858A-AC2BC6714C03}.Debug|Any CPU.Build.0 = Debug|Any CPU
		{B8DB511A-52AC-40C7-858A-AC2BC6714C03}.Release|Any CPU.ActiveCfg = Release|Any CPU
		{B8DB511A-52AC-40C7-858A-AC2BC6714C03}.Release|Any CPU.Build.0 = Release|Any CPU
	EndGlobalSection
	GlobalSection(SolutionProperties) = preSolution
		HideSolutionNode = FALSE
	EndGlobalSection
	GlobalSection(ExtensibilityGlobals) = postSolution
		SolutionGuid = {471618E5-E5DC-4486-BDD1-0359656B54E4}
	EndGlobalSection
EndGlobal
